# THIS IS AN AUTOGENERATED FILE. DO NOT EDIT THIS FILE DIRECTLY.
# yarn lockfile v1


"@types/vscode@^1.44.0":
  version "1.44.0"
  resolved "https://registry.yarnpkg.com/@types/vscode/-/vscode-1.44.0.tgz#62ecfe3d0e38942fce556574da54ee1013c775b7"
  integrity sha512-WJZtZlinE3meRdH+I7wTsIhpz/GLhqEQwmPGeh4s1irWLwMzCeTV8WZ+pgPTwrDXoafVUWwo1LiZ9HJVHFlJSQ==

node-fetch@^2.6.0:
  version "2.6.0"
  resolved "https://registry.yarnpkg.com/node-fetch/-/node-fetch-2.6.0.tgz#e633456386d4aa55863f676a7ab0daa8fdecb0fd"
  integrity sha512-8dG4H5ujfvFiqDmVu9fQ5bOHUC15JMjMY/Zumv26oOvvVJjM67KF8koCWIabKQ1GJIa9r2mMZscBq/TbdOcmNA==

strip-json-comments@^3.1.0:
  version "3.1.0"
  resolved "https://registry.yarnpkg.com/strip-json-comments/-/strip-json-comments-3.1.0.tgz#7638d31422129ecf4457440009fba03f9f9ac180"
  integrity sha512-e6/d0eBu7gHtdCqFt0xJr642LdToM5/cN4Qb9DbHjVx1CP5RyeM+zH7pbecEmDv/lBqb0QH+6Uqq75rxFPkM0w==
